
Microsoft Visual Studio Solution File, Format Version 12.00
# Visual Studio Version 17
VisualStudioVersion = 17.4.33213.308
MinimumVisualStudioVersion = 10.0.40219.1
Project("{2150E333-8FDC-42A3-9474-1A3956D46DE8}") = "src", "src", "{7F656703-AA70-4C6C-AD57-536ED1490E80}"
EndProject
Project("{FAE04EC0-301F-11D3-BF4B-00C04F79EFBC}") = "IntegrationTesting.Web.API", "src\IntegrationTesting.Web.API\IntegrationTesting.Web.API.csproj", "{7B4A7FF5-DFFD-4506-B631-DD11F3B5DABA}"
EndProject
Project("{2150E333-8FDC-42A3-9474-1A3956D46DE8}") = "tests", "tests", "{92247109-689A-470D-9F36-04E74ADB3E64}"
EndProject
Global
	GlobalSection(SolutionConfigurationPlatforms) = preSolution
		Debug|Any CPU = Debug|Any CPU
		Release|Any CPU = Release|Any CPU
	EndGlobalSection
	GlobalSection(ProjectConfigurationPlatforms) = postSolution
		{7B4A7FF5-DFFD-4506-B631-DD11F3B5DABA}.Debug|Any CPU.ActiveCfg = Debug|Any CPU
		{7B4A7FF5-DFFD-4506-B631-DD11F3B5DABA}.Debug|Any CPU.Build.0 = Debug|Any CPU
		{7B4A7FF5-DFFD-4506-B631-DD11F3B5DABA}.Release|Any CPU.ActiveCfg = Release|Any CPU
		{7B4A7FF5-DFFD-4506-B631-DD11F3B5DABA}.Release|Any CPU.Build.0 = Release|Any CPU
	EndGlobalSection
	GlobalSection(SolutionProperties) = preSolution
		HideSolutionNode = FALSE
	EndGlobalSection
	GlobalSection(NestedProjects) = preSolution
		{7B4A7FF5-DFFD-4506-B631-DD11F3B5DABA} = {7F656703-AA70-4C6C-AD57-536ED1490E80}
	EndGlobalSection
	GlobalSection(ExtensibilityGlobals) = postSolution
		SolutionGuid = {FD3310A6-F97E-45AF-B994-05F154DD488A}
	EndGlobalSection
EndGlobal
